{
  "requires": true,
  "lockfileVersion": 1,
  "dependencies": {
    "adiff": {
      "version": "0.2.13",
      "resolved": "https://registry.npmjs.org/adiff/-/adiff-0.2.13.tgz",
      "integrity": "sha1-3D3TL5RNl/J366WM5SmXrf8fdyg=",
      "dev": true
    },
    "detect-indent": {
      "version": "5.0.0",
      "resolved": "https://registry.npmjs.org/detect-indent/-/detect-indent-5.0.0.tgz",
      "integrity": "sha1-OHHMCmoALow+Wzz38zYmRnXwa50=",
      "dev": true
    },
    "git-json-merge": {
      "version": "0.4.4",
      "resolved": "https://registry.npmjs.org/git-json-merge/-/git-json-merge-0.4.4.tgz",
      "integrity": "sha1-Bz+i0JcCAnpLQ2/qDoQ1DS6aKS0=",
      "dev": true,
      "requires": {
        "detect-indent": "^5.0.0",
        "xdiff": "^0.2.11"
      }
    },
    "xdiff": {
      "version": "0.2.11",
      "resolved": "https://registry.npmjs.org/xdiff/-/xdiff-0.2.11.tgz",
      "integrity": "sha1-cj1SPhtvJlojPK/HeGBiLqXS2Mg=",
      "dev": true,
      "requires": {
        "adiff": "~0.2.4"
      }
    }
  }
}
